
Microsoft Visual Studio Solution File, Format Version 12.00
# Visual Studio Version 17
VisualStudioVersion = 17.11.35222.181
MinimumVisualStudioVersion = 10.0.40219.1
Project("{FAE04EC0-301F-11D3-BF4B-00C04F79EFBC}") = "Sondage", "Sondage.csproj", "{0AA54A65-AFC4-4B5F-82A7-7FF7C8579024}"
EndProject
Global
	GlobalSection(SolutionConfigurationPlatforms) = preSolution
		Debug|Any CPU = Debug|Any CPU
		Release|Any CPU = Release|Any CPU
	EndGlobalSection
	GlobalSection(ProjectConfigurationPlatforms) = postSolution
		{0AA54A65-AFC4-4B5F-82A7-7FF7C8579024}.Debug|Any CPU.ActiveCfg = Debug|Any CPU
		{0AA54A65-AFC4-4B5F-82A7-7FF7C8579024}.Debug|Any CPU.Build.0 = Debug|Any CPU
		{0AA54A65-AFC4-4B5F-82A7-7FF7C8579024}.Release|Any CPU.ActiveCfg = Release|Any CPU
		{0AA54A65-AFC4-4B5F-82A7-7FF7C8579024}.Release|Any CPU.Build.0 = Release|Any CPU
	EndGlobalSection
	GlobalSection(SolutionProperties) = preSolution
		HideSolutionNode = FALSE
	EndGlobalSection
	GlobalSection(ExtensibilityGlobals) = postSolution
		SolutionGuid = {BB49753D-572E-4939-BFB0-C9362714410D}
	EndGlobalSection
EndGlobal
